
Microsoft Visual Studio Solution File, Format Version 12.00
# Visual Studio Version 16
VisualStudioVersion = 16.0.34031.81
MinimumVisualStudioVersion = 10.0.40219.1
Project("{8BC9CEB8-8B4A-11D0-8D11-00A0C91BC942}") = "Project10.4", "Project10.4\Project10.4.vcxproj", "{9EA17080-C094-4058-9E0A-7301875940F3}"
EndProject
Project("{8BC9CEB8-8B4A-11D0-8D11-00A0C91BC942}") = "UnitTest10.4", "UnitTest10.4\UnitTest10.4.vcxproj", "{77CCB717-DFE9-48B2-81C1-32F72753868B}"
EndProject
Global
	GlobalSection(SolutionConfigurationPlatforms) = preSolution
		Debug|x64 = Debug|x64
		Debug|x86 = Debug|x86
		Release|x64 = Release|x64
		Release|x86 = Release|x86
	EndGlobalSection
	GlobalSection(ProjectConfigurationPlatforms) = postSolution
		{9EA17080-C094-4058-9E0A-7301875940F3}.Debug|x64.ActiveCfg = Debug|x64
		{9EA17080-C094-4058-9E0A-7301875940F3}.Debug|x64.Build.0 = Debug|x64
		{9EA17080-C094-4058-9E0A-7301875940F3}.Debug|x86.ActiveCfg = Debug|Win32
		{9EA17080-C094-4058-9E0A-7301875940F3}.Debug|x86.Build.0 = Debug|Win32
		{9EA17080-C094-4058-9E0A-7301875940F3}.Release|x64.ActiveCfg = Release|x64
		{9EA17080-C094-4058-9E0A-7301875940F3}.Release|x64.Build.0 = Release|x64
		{9EA17080-C094-4058-9E0A-7301875940F3}.Release|x86.ActiveCfg = Release|Win32
		{9EA17080-C094-4058-9E0A-7301875940F3}.Release|x86.Build.0 = Release|Win32
		{77CCB717-DFE9-48B2-81C1-32F72753868B}.Debug|x64.ActiveCfg = Debug|x64
		{77CCB717-DFE9-48B2-81C1-32F72753868B}.Debug|x64.Build.0 = Debug|x64
		{77CCB717-DFE9-48B2-81C1-32F72753868B}.Debug|x86.ActiveCfg = Debug|Win32
		{77CCB717-DFE9-48B2-81C1-32F72753868B}.Debug|x86.Build.0 = Debug|Win32
		{77CCB717-DFE9-48B2-81C1-32F72753868B}.Release|x64.ActiveCfg = Release|x64
		{77CCB717-DFE9-48B2-81C1-32F72753868B}.Release|x64.Build.0 = Release|x64
		{77CCB717-DFE9-48B2-81C1-32F72753868B}.Release|x86.ActiveCfg = Release|Win32
		{77CCB717-DFE9-48B2-81C1-32F72753868B}.Release|x86.Build.0 = Release|Win32
	EndGlobalSection
	GlobalSection(SolutionProperties) = preSolution
		HideSolutionNode = FALSE
	EndGlobalSection
	GlobalSection(ExtensibilityGlobals) = postSolution
		SolutionGuid = {9A86BDF7-53B4-4F4D-B74F-EA9B06CE0110}
	EndGlobalSection
EndGlobal
